
// Iniciamos declarando la clase, la cual representara a un empleado
class empleado
{
    // Declariacion de la informacion del empleado (nombre y salario)
    public string nomb { get; set; }
    public double sala { get; set; }

    // Inicialisamos las variables de nombre y salario 
    public empleado(string nombre, double salario)
    {
        // Realizamos la asignacion de los valores a la informacion del empleado 
        nomb = nombre;
        sala = salario;
    }
    // Se muestra la informacion basica del empleado y lo mandamos a imprimir 
    public void mostrarinfo()
    {
        Console.WriteLine($"Empleado: {nomb}, Salario: ${sala}");
    }
}
// Declaramos una segunda clase "Gerente", la cual hereda la primera "Empleado"lo que significa que tiene acceso a sus atributos y métodos.
class Gerente : empleado
{
    // Añadimos un atributo adicional 
    public string departa { get; set; }

    // Usamos metodo especial que inicializa los atributos de la clase "Gerente"
    // usa el constructor de la clase padre "Empleado" mediante "base" para inicializar "Nombre" y "Salario".
    public Gerente(string nombre, double salario, string departamento) : base(nombre, salario)
    {
        //Asignamos el valor recibido como parámetro al atributo "departa"
        departa = departamento;
    }

    // Mostramos la clase Gerente esta muestra el departamento que dirige el gerente
    public void mostrardeparta()
    {
        Console.WriteLine($"{nomb} es gerente del departamento de {departa}.");
    }
}
// Clase principal contiene el punto de entrada del programa (Main)
class Program
{
    static void Main(string[] args)
    {
        // Aquí creamos un empleado llamado "Juan Pérez" con un salario de $2500
        empleado empleado = new empleado("Juan Pérez", 2500);
        empleado.mostrarinfo(); // Llama al método de la clase1

        // Aquí creamos un gerente llamado "Ana López" con un salario de $5800 y que dirige el departamento de "Recursos Humanos"
        Gerente gerente = new Gerente("Ana López", 5800, "Recursos Humanos");
        gerente.mostrarinfo(); // Llama al método heredado de la clase1
        gerente.mostrardeparta(); // Llama al método específico de la clase2
    }
}
