
//abrimos el using SYstem para empezar nuestro codigo
using System;
//Creamos una clase llamada mascota
public class mascotas
{
    //Creamos nuestro metodo principal para llamar los otros metodos
    public static void Main(string[] args)
    {
        //Creamos una instancia llamada mascotas (proveniente de la clase mascotas) para invocar el metodo captura
        mascotas mas = new mascotas();
        //invocamos el metodo "captura"
        mas.captura();
    }
    //Creamos un metodo privado (utilizado unicamente por la clase), el cual sera un metodo String que retornara el mensaje principal
    private string Mascota(string Raza, string Nombre, string Tipo, string Color)
    {
        //Retornamos un mensaje el cual sera capturado por el metodo captura
        return "El nombre de la mascota es " + Nombre + " \n su raza es " + Raza + "\n El tipo de animal: " + Tipo + "\n Color del animal es " + Color;
    }
    public void captura()
    {
        String Nombre, Raza, Tipo, Color;
        //Capturamos todas las variables necesarias;
        Console.WriteLine("Escribe el Nombre del animal");
        Nombre = Console.ReadLine();
        Console.WriteLine("Escribe la raza del animal");
        Raza = Console.ReadLine();
        Console.WriteLine("Que tipo de animal es");
        Tipo = Console.ReadLine();
        Console.WriteLine("Escribe el color del animal");
        Color = Console.ReadLine();
        //invocamos e imprimimos las variables
        Console.WriteLine(Mascota(Raza, Nombre, Tipo, Color));
    }
}
